
Microsoft Visual Studio Solution File, Format Version 12.00
# Visual Studio 2012
Project("{FAE04EC0-301F-11D3-BF4B-00C04F79EFBC}") = "NilsenRaceFormulaReports", "RacesCSVToExcel_1_0\NilsenRaceFormulaReports.csproj", "{A3DC37F3-FACE-4C33-8E9A-4C11EFE2211A}"
EndProject
Project("{FAE04EC0-301F-11D3-BF4B-00C04F79EFBC}") = "Nilsen.Framework", "NilsenFramework\Nilsen.Framework.csproj", "{9DE4B9AB-302D-4DF6-8218-6362A77E9E55}"
EndProject
Project("{FAE04EC0-301F-11D3-BF4B-00C04F79EFBC}") = "Nilsen.Framework.Factory", "Nilsen.Framework.Factory\Nilsen.Framework.Factory.csproj", "{EE54B4D4-7D5C-4013-97F4-E6AA5882227C}"
EndProject
Project("{FAE04EC0-301F-11D3-BF4B-00C04F79EFBC}") = "Nilsen.Framework.Data.Repository", "Nilsen.Framework.Repository\Nilsen.Framework.Data.Repository.csproj", "{9A9F3ED1-A783-410C-8887-50F8D27F14CB}"
EndProject
Project("{FAE04EC0-301F-11D3-BF4B-00C04F79EFBC}") = "Nilsen.Framework.Services", "Nilsen.Framework.Services\Nilsen.Framework.Services.csproj", "{CA18762C-8556-446B-97DA-97CA8CEB1A28}"
EndProject
Project("{FAE04EC0-301F-11D3-BF4B-00C04F79EFBC}") = "Nilsen.Framework.Data.Factory", "Nilsen.Framework.Data.Factory\Nilsen.Framework.Data.Factory.csproj", "{038705CE-E9F2-43E7-8CD4-F924DB09A34F}"
EndProject
Project("{6141683F-8A12-4E36-9623-2EB02B2C2303}") = "NRFR_Setup", "NRFR_Setup\NRFR_Setup.isproj", "{DAD5A5E1-3FC3-4E53-8A87-A6690D96B1E1}"
EndProject
Global
	GlobalSection(SolutionConfigurationPlatforms) = preSolution
		CD_ROM|Any CPU = CD_ROM|Any CPU
		CD_ROM|Mixed Platforms = CD_ROM|Mixed Platforms
		CD_ROM|x86 = CD_ROM|x86
		Debug|Any CPU = Debug|Any CPU
		Debug|Mixed Platforms = Debug|Mixed Platforms
		Debug|x86 = Debug|x86
		DVD-5|Any CPU = DVD-5|Any CPU
		DVD-5|Mixed Platforms = DVD-5|Mixed Platforms
		DVD-5|x86 = DVD-5|x86
		Release|Any CPU = Release|Any CPU
		Release|Mixed Platforms = Release|Mixed Platforms
		Release|x86 = Release|x86
		SingleImage|Any CPU = SingleImage|Any CPU
		SingleImage|Mixed Platforms = SingleImage|Mixed Platforms
		SingleImage|x86 = SingleImage|x86
	EndGlobalSection
	GlobalSection(ProjectConfigurationPlatforms) = postSolution
		{A3DC37F3-FACE-4C33-8E9A-4C11EFE2211A}.CD_ROM|Any CPU.ActiveCfg = Debug|x86
		{A3DC37F3-FACE-4C33-8E9A-4C11EFE2211A}.CD_ROM|Mixed Platforms.ActiveCfg = Debug|x86
		{A3DC37F3-FACE-4C33-8E9A-4C11EFE2211A}.CD_ROM|Mixed Platforms.Build.0 = Debug|x86
		{A3DC37F3-FACE-4C33-8E9A-4C11EFE2211A}.CD_ROM|x86.ActiveCfg = Release|x86
		{A3DC37F3-FACE-4C33-8E9A-4C11EFE2211A}.CD_ROM|x86.Build.0 = Release|x86
		{A3DC37F3-FACE-4C33-8E9A-4C11EFE2211A}.Debug|Any CPU.ActiveCfg = Debug|x86
		{A3DC37F3-FACE-4C33-8E9A-4C11EFE2211A}.Debug|Any CPU.Build.0 = Debug|x86
		{A3DC37F3-FACE-4C33-8E9A-4C11EFE2211A}.Debug|Mixed Platforms.ActiveCfg = Debug|x86
		{A3DC37F3-FACE-4C33-8E9A-4C11EFE2211A}.Debug|Mixed Platforms.Build.0 = Debug|x86
		{A3DC37F3-FACE-4C33-8E9A-4C11EFE2211A}.Debug|x86.ActiveCfg = Debug|x86
		{A3DC37F3-FACE-4C33-8E9A-4C11EFE2211A}.Debug|x86.Build.0 = Debug|x86
		{A3DC37F3-FACE-4C33-8E9A-4C11EFE2211A}.DVD-5|Any CPU.ActiveCfg = Debug|x86
		{A3DC37F3-FACE-4C33-8E9A-4C11EFE2211A}.DVD-5|Mixed Platforms.ActiveCfg = Debug|x86
		{A3DC37F3-FACE-4C33-8E9A-4C11EFE2211A}.DVD-5|Mixed Platforms.Build.0 = Debug|x86
		{A3DC37F3-FACE-4C33-8E9A-4C11EFE2211A}.DVD-5|x86.ActiveCfg = Debug|x86
		{A3DC37F3-FACE-4C33-8E9A-4C11EFE2211A}.DVD-5|x86.Build.0 = Debug|x86
		{A3DC37F3-FACE-4C33-8E9A-4C11EFE2211A}.Release|Any CPU.ActiveCfg = Release|x86
		{A3DC37F3-FACE-4C33-8E9A-4C11EFE2211A}.Release|Any CPU.Build.0 = Release|x86
		{A3DC37F3-FACE-4C33-8E9A-4C11EFE2211A}.Release|Mixed Platforms.ActiveCfg = Release|x86
		{A3DC37F3-FACE-4C33-8E9A-4C11EFE2211A}.Release|Mixed Platforms.Build.0 = Release|x86
		{A3DC37F3-FACE-4C33-8E9A-4C11EFE2211A}.Release|x86.ActiveCfg = Release|x86
		{A3DC37F3-FACE-4C33-8E9A-4C11EFE2211A}.Release|x86.Build.0 = Release|x86
		{A3DC37F3-FACE-4C33-8E9A-4C11EFE2211A}.SingleImage|Any CPU.ActiveCfg = Debug|x86
		{A3DC37F3-FACE-4C33-8E9A-4C11EFE2211A}.SingleImage|Mixed Platforms.ActiveCfg = Debug|x86
		{A3DC37F3-FACE-4C33-8E9A-4C11EFE2211A}.SingleImage|Mixed Platforms.Build.0 = Debug|x86
		{A3DC37F3-FACE-4C33-8E9A-4C11EFE2211A}.SingleImage|x86.ActiveCfg = Release|x86
		{A3DC37F3-FACE-4C33-8E9A-4C11EFE2211A}.SingleImage|x86.Build.0 = Release|x86
		{9DE4B9AB-302D-4DF6-8218-6362A77E9E55}.CD_ROM|Any CPU.ActiveCfg = Release|Any CPU
		{9DE4B9AB-302D-4DF6-8218-6362A77E9E55}.CD_ROM|Any CPU.Build.0 = Release|Any CPU
		{9DE4B9AB-302D-4DF6-8218-6362A77E9E55}.CD_ROM|Mixed Platforms.ActiveCfg = Release|Any CPU
		{9DE4B9AB-302D-4DF6-8218-6362A77E9E55}.CD_ROM|Mixed Platforms.Build.0 = Release|Any CPU
		{9DE4B9AB-302D-4DF6-8218-6362A77E9E55}.CD_ROM|x86.ActiveCfg = Release|Any CPU
		{9DE4B9AB-302D-4DF6-8218-6362A77E9E55}.Debug|Any CPU.ActiveCfg = Debug|Any CPU
		{9DE4B9AB-302D-4DF6-8218-6362A77E9E55}.Debug|Any CPU.Build.0 = Debug|Any CPU
		{9DE4B9AB-302D-4DF6-8218-6362A77E9E55}.Debug|Mixed Platforms.ActiveCfg = Debug|Any CPU
		{9DE4B9AB-302D-4DF6-8218-6362A77E9E55}.Debug|Mixed Platforms.Build.0 = Debug|Any CPU
		{9DE4B9AB-302D-4DF6-8218-6362A77E9E55}.Debug|x86.ActiveCfg = Debug|Any CPU
		{9DE4B9AB-302D-4DF6-8218-6362A77E9E55}.DVD-5|Any CPU.ActiveCfg = Debug|Any CPU
		{9DE4B9AB-302D-4DF6-8218-6362A77E9E55}.DVD-5|Any CPU.Build.0 = Debug|Any CPU
		{9DE4B9AB-302D-4DF6-8218-6362A77E9E55}.DVD-5|Mixed Platforms.ActiveCfg = Debug|Any CPU
		{9DE4B9AB-302D-4DF6-8218-6362A77E9E55}.DVD-5|Mixed Platforms.Build.0 = Debug|Any CPU
		{9DE4B9AB-302D-4DF6-8218-6362A77E9E55}.DVD-5|x86.ActiveCfg = Debug|Any CPU
		{9DE4B9AB-302D-4DF6-8218-6362A77E9E55}.Release|Any CPU.ActiveCfg = Release|Any CPU
		{9DE4B9AB-302D-4DF6-8218-6362A77E9E55}.Release|Any CPU.Build.0 = Release|Any CPU
		{9DE4B9AB-302D-4DF6-8218-6362A77E9E55}.Release|Mixed Platforms.ActiveCfg = Release|Any CPU
		{9DE4B9AB-302D-4DF6-8218-6362A77E9E55}.Release|Mixed Platforms.Build.0 = Release|Any CPU
		{9DE4B9AB-302D-4DF6-8218-6362A77E9E55}.Release|x86.ActiveCfg = Release|Any CPU
		{9DE4B9AB-302D-4DF6-8218-6362A77E9E55}.SingleImage|Any CPU.ActiveCfg = Release|Any CPU
		{9DE4B9AB-302D-4DF6-8218-6362A77E9E55}.SingleImage|Any CPU.Build.0 = Release|Any CPU
		{9DE4B9AB-302D-4DF6-8218-6362A77E9E55}.SingleImage|Mixed Platforms.ActiveCfg = Release|Any CPU
		{9DE4B9AB-302D-4DF6-8218-6362A77E9E55}.SingleImage|Mixed Platforms.Build.0 = Release|Any CPU
		{9DE4B9AB-302D-4DF6-8218-6362A77E9E55}.SingleImage|x86.ActiveCfg = Release|Any CPU
		{EE54B4D4-7D5C-4013-97F4-E6AA5882227C}.CD_ROM|Any CPU.ActiveCfg = Release|Any CPU
		{EE54B4D4-7D5C-4013-97F4-E6AA5882227C}.CD_ROM|Any CPU.Build.0 = Release|Any CPU
		{EE54B4D4-7D5C-4013-97F4-E6AA5882227C}.CD_ROM|Mixed Platforms.ActiveCfg = Release|Any CPU
		{EE54B4D4-7D5C-4013-97F4-E6AA5882227C}.CD_ROM|Mixed Platforms.Build.0 = Release|Any CPU
		{EE54B4D4-7D5C-4013-97F4-E6AA5882227C}.CD_ROM|x86.ActiveCfg = Release|Any CPU
		{EE54B4D4-7D5C-4013-97F4-E6AA5882227C}.Debug|Any CPU.ActiveCfg = Debug|Any CPU
		{EE54B4D4-7D5C-4013-97F4-E6AA5882227C}.Debug|Any CPU.Build.0 = Debug|Any CPU
		{EE54B4D4-7D5C-4013-97F4-E6AA5882227C}.Debug|Mixed Platforms.ActiveCfg = Debug|Any CPU
		{EE54B4D4-7D5C-4013-97F4-E6AA5882227C}.Debug|Mixed Platforms.Build.0 = Debug|Any CPU
		{EE54B4D4-7D5C-4013-97F4-E6AA5882227C}.Debug|x86.ActiveCfg = Debug|Any CPU
		{EE54B4D4-7D5C-4013-97F4-E6AA5882227C}.DVD-5|Any CPU.ActiveCfg = Debug|Any CPU
		{EE54B4D4-7D5C-4013-97F4-E6AA5882227C}.DVD-5|Any CPU.Build.0 = Debug|Any CPU
		{EE54B4D4-7D5C-4013-97F4-E6AA5882227C}.DVD-5|Mixed Platforms.ActiveCfg = Debug|Any CPU
		{EE54B4D4-7D5C-4013-97F4-E6AA5882227C}.DVD-5|Mixed Platforms.Build.0 = Debug|Any CPU
		{EE54B4D4-7D5C-4013-97F4-E6AA5882227C}.DVD-5|x86.ActiveCfg = Debug|Any CPU
		{EE54B4D4-7D5C-4013-97F4-E6AA5882227C}.Release|Any CPU.ActiveCfg = Release|Any CPU
		{EE54B4D4-7D5C-4013-97F4-E6AA5882227C}.Release|Any CPU.Build.0 = Release|Any CPU
		{EE54B4D4-7D5C-4013-97F4-E6AA5882227C}.Release|Mixed Platforms.ActiveCfg = Release|Any CPU
		{EE54B4D4-7D5C-4013-97F4-E6AA5882227C}.Release|Mixed Platforms.Build.0 = Release|Any CPU
		{EE54B4D4-7D5C-4013-97F4-E6AA5882227C}.Release|x86.ActiveCfg = Release|Any CPU
		{EE54B4D4-7D5C-4013-97F4-E6AA5882227C}.SingleImage|Any CPU.ActiveCfg = Release|Any CPU
		{EE54B4D4-7D5C-4013-97F4-E6AA5882227C}.SingleImage|Any CPU.Build.0 = Release|Any CPU
		{EE54B4D4-7D5C-4013-97F4-E6AA5882227C}.SingleImage|Mixed Platforms.ActiveCfg = Release|Any CPU
		{EE54B4D4-7D5C-4013-97F4-E6AA5882227C}.SingleImage|Mixed Platforms.Build.0 = Release|Any CPU
		{EE54B4D4-7D5C-4013-97F4-E6AA5882227C}.SingleImage|x86.ActiveCfg = Release|Any CPU
		{9A9F3ED1-A783-410C-8887-50F8D27F14CB}.CD_ROM|Any CPU.ActiveCfg = Release|Any CPU
		{9A9F3ED1-A783-410C-8887-50F8D27F14CB}.CD_ROM|Any CPU.Build.0 = Release|Any CPU
		{9A9F3ED1-A783-410C-8887-50F8D27F14CB}.CD_ROM|Mixed Platforms.ActiveCfg = Release|Any CPU
		{9A9F3ED1-A783-410C-8887-50F8D27F14CB}.CD_ROM|Mixed Platforms.Build.0 = Release|Any CPU
		{9A9F3ED1-A783-410C-8887-50F8D27F14CB}.CD_ROM|x86.ActiveCfg = Release|Any CPU
		{9A9F3ED1-A783-410C-8887-50F8D27F14CB}.Debug|Any CPU.ActiveCfg = Debug|Any CPU
		{9A9F3ED1-A783-410C-8887-50F8D27F14CB}.Debug|Any CPU.Build.0 = Debug|Any CPU
		{9A9F3ED1-A783-410C-8887-50F8D27F14CB}.Debug|Mixed Platforms.ActiveCfg = Debug|Any CPU
		{9A9F3ED1-A783-410C-8887-50F8D27F14CB}.Debug|Mixed Platforms.Build.0 = Debug|Any CPU
		{9A9F3ED1-A783-410C-8887-50F8D27F14CB}.Debug|x86.ActiveCfg = Debug|Any CPU
		{9A9F3ED1-A783-410C-8887-50F8D27F14CB}.DVD-5|Any CPU.ActiveCfg = Debug|Any CPU
		{9A9F3ED1-A783-410C-8887-50F8D27F14CB}.DVD-5|Any CPU.Build.0 = Debug|Any CPU
		{9A9F3ED1-A783-410C-8887-50F8D27F14CB}.DVD-5|Mixed Platforms.ActiveCfg = Debug|Any CPU
		{9A9F3ED1-A783-410C-8887-50F8D27F14CB}.DVD-5|Mixed Platforms.Build.0 = Debug|Any CPU
		{9A9F3ED1-A783-410C-8887-50F8D27F14CB}.DVD-5|x86.ActiveCfg = Debug|Any CPU
		{9A9F3ED1-A783-410C-8887-50F8D27F14CB}.Release|Any CPU.ActiveCfg = Release|Any CPU
		{9A9F3ED1-A783-410C-8887-50F8D27F14CB}.Release|Any CPU.Build.0 = Release|Any CPU
		{9A9F3ED1-A783-410C-8887-50F8D27F14CB}.Release|Mixed Platforms.ActiveCfg = Release|Any CPU
		{9A9F3ED1-A783-410C-8887-50F8D27F14CB}.Release|Mixed Platforms.Build.0 = Release|Any CPU
		{9A9F3ED1-A783-410C-8887-50F8D27F14CB}.Release|x86.ActiveCfg = Release|Any CPU
		{9A9F3ED1-A783-410C-8887-50F8D27F14CB}.SingleImage|Any CPU.ActiveCfg = Release|Any CPU
		{9A9F3ED1-A783-410C-8887-50F8D27F14CB}.SingleImage|Any CPU.Build.0 = Release|Any CPU
		{9A9F3ED1-A783-410C-8887-50F8D27F14CB}.SingleImage|Mixed Platforms.ActiveCfg = Release|Any CPU
		{9A9F3ED1-A783-410C-8887-50F8D27F14CB}.SingleImage|Mixed Platforms.Build.0 = Release|Any CPU
		{9A9F3ED1-A783-410C-8887-50F8D27F14CB}.SingleImage|x86.ActiveCfg = Release|Any CPU
		{CA18762C-8556-446B-97DA-97CA8CEB1A28}.CD_ROM|Any CPU.ActiveCfg = Release|Any CPU
		{CA18762C-8556-446B-97DA-97CA8CEB1A28}.CD_ROM|Any CPU.Build.0 = Release|Any CPU
		{CA18762C-8556-446B-97DA-97CA8CEB1A28}.CD_ROM|Mixed Platforms.ActiveCfg = Release|Any CPU
		{CA18762C-8556-446B-97DA-97CA8CEB1A28}.CD_ROM|Mixed Platforms.Build.0 = Release|Any CPU
		{CA18762C-8556-446B-97DA-97CA8CEB1A28}.CD_ROM|x86.ActiveCfg = Release|Any CPU
		{CA18762C-8556-446B-97DA-97CA8CEB1A28}.Debug|Any CPU.ActiveCfg = Debug|Any CPU
		{CA18762C-8556-446B-97DA-97CA8CEB1A28}.Debug|Any CPU.Build.0 = Debug|Any CPU
		{CA18762C-8556-446B-97DA-97CA8CEB1A28}.Debug|Mixed Platforms.ActiveCfg = Debug|Any CPU
		{CA18762C-8556-446B-97DA-97CA8CEB1A28}.Debug|Mixed Platforms.Build.0 = Debug|Any CPU
		{CA18762C-8556-446B-97DA-97CA8CEB1A28}.Debug|x86.ActiveCfg = Debug|Any CPU
		{CA18762C-8556-446B-97DA-97CA8CEB1A28}.DVD-5|Any CPU.ActiveCfg = Debug|Any CPU
		{CA18762C-8556-446B-97DA-97CA8CEB1A28}.DVD-5|Any CPU.Build.0 = Debug|Any CPU
		{CA18762C-8556-446B-97DA-97CA8CEB1A28}.DVD-5|Mixed Platforms.ActiveCfg = Debug|Any CPU
		{CA18762C-8556-446B-97DA-97CA8CEB1A28}.DVD-5|Mixed Platforms.Build.0 = Debug|Any CPU
		{CA18762C-8556-446B-97DA-97CA8CEB1A28}.DVD-5|x86.ActiveCfg = Debug|Any CPU
		{CA18762C-8556-446B-97DA-97CA8CEB1A28}.Release|Any CPU.ActiveCfg = Release|Any CPU
		{CA18762C-8556-446B-97DA-97CA8CEB1A28}.Release|Any CPU.Build.0 = Release|Any CPU
		{CA18762C-8556-446B-97DA-97CA8CEB1A28}.Release|Mixed Platforms.ActiveCfg = Release|Any CPU
		{CA18762C-8556-446B-97DA-97CA8CEB1A28}.Release|Mixed Platforms.Build.0 = Release|Any CPU
		{CA18762C-8556-446B-97DA-97CA8CEB1A28}.Release|x86.ActiveCfg = Release|Any CPU
		{CA18762C-8556-446B-97DA-97CA8CEB1A28}.SingleImage|Any CPU.ActiveCfg = Release|Any CPU
		{CA18762C-8556-446B-97DA-97CA8CEB1A28}.SingleImage|Any CPU.Build.0 = Release|Any CPU
		{CA18762C-8556-446B-97DA-97CA8CEB1A28}.SingleImage|Mixed Platforms.ActiveCfg = Release|Any CPU
		{CA18762C-8556-446B-97DA-97CA8CEB1A28}.SingleImage|Mixed Platforms.Build.0 = Release|Any CPU
		{CA18762C-8556-446B-97DA-97CA8CEB1A28}.SingleImage|x86.ActiveCfg = Release|Any CPU
		{038705CE-E9F2-43E7-8CD4-F924DB09A34F}.CD_ROM|Any CPU.ActiveCfg = Release|Any CPU
		{038705CE-E9F2-43E7-8CD4-F924DB09A34F}.CD_ROM|Any CPU.Build.0 = Release|Any CPU
		{038705CE-E9F2-43E7-8CD4-F924DB09A34F}.CD_ROM|Mixed Platforms.ActiveCfg = Release|Any CPU
		{038705CE-E9F2-43E7-8CD4-F924DB09A34F}.CD_ROM|Mixed Platforms.Build.0 = Release|Any CPU
		{038705CE-E9F2-43E7-8CD4-F924DB09A34F}.CD_ROM|x86.ActiveCfg = Release|Any CPU
		{038705CE-E9F2-43E7-8CD4-F924DB09A34F}.Debug|Any CPU.ActiveCfg = Debug|Any CPU
		{038705CE-E9F2-43E7-8CD4-F924DB09A34F}.Debug|Any CPU.Build.0 = Debug|Any CPU
		{038705CE-E9F2-43E7-8CD4-F924DB09A34F}.Debug|Mixed Platforms.ActiveCfg = Debug|Any CPU
		{038705CE-E9F2-43E7-8CD4-F924DB09A34F}.Debug|Mixed Platforms.Build.0 = Debug|Any CPU
		{038705CE-E9F2-43E7-8CD4-F924DB09A34F}.Debug|x86.ActiveCfg = Debug|Any CPU
		{038705CE-E9F2-43E7-8CD4-F924DB09A34F}.DVD-5|Any CPU.ActiveCfg = Debug|Any CPU
		{038705CE-E9F2-43E7-8CD4-F924DB09A34F}.DVD-5|Any CPU.Build.0 = Debug|Any CPU
		{038705CE-E9F2-43E7-8CD4-F924DB09A34F}.DVD-5|Mixed Platforms.ActiveCfg = Debug|Any CPU
		{038705CE-E9F2-43E7-8CD4-F924DB09A34F}.DVD-5|Mixed Platforms.Build.0 = Debug|Any CPU
		{038705CE-E9F2-43E7-8CD4-F924DB09A34F}.DVD-5|x86.ActiveCfg = Debug|Any CPU
		{038705CE-E9F2-43E7-8CD4-F924DB09A34F}.Release|Any CPU.ActiveCfg = Release|Any CPU
		{038705CE-E9F2-43E7-8CD4-F924DB09A34F}.Release|Any CPU.Build.0 = Release|Any CPU
		{038705CE-E9F2-43E7-8CD4-F924DB09A34F}.Release|Mixed Platforms.ActiveCfg = Release|Any CPU
		{038705CE-E9F2-43E7-8CD4-F924DB09A34F}.Release|Mixed Platforms.Build.0 = Release|Any CPU
		{038705CE-E9F2-43E7-8CD4-F924DB09A34F}.Release|x86.ActiveCfg = Release|Any CPU
		{038705CE-E9F2-43E7-8CD4-F924DB09A34F}.SingleImage|Any CPU.ActiveCfg = Release|Any CPU
		{038705CE-E9F2-43E7-8CD4-F924DB09A34F}.SingleImage|Any CPU.Build.0 = Release|Any CPU
		{038705CE-E9F2-43E7-8CD4-F924DB09A34F}.SingleImage|Mixed Platforms.ActiveCfg = Release|Any CPU
		{038705CE-E9F2-43E7-8CD4-F924DB09A34F}.SingleImage|Mixed Platforms.Build.0 = Release|Any CPU
		{038705CE-E9F2-43E7-8CD4-F924DB09A34F}.SingleImage|x86.ActiveCfg = Release|Any CPU
		{DAD5A5E1-3FC3-4E53-8A87-A6690D96B1E1}.CD_ROM|Any CPU.ActiveCfg = CD_ROM
		{DAD5A5E1-3FC3-4E53-8A87-A6690D96B1E1}.CD_ROM|Any CPU.Build.0 = CD_ROM
		{DAD5A5E1-3FC3-4E53-8A87-A6690D96B1E1}.CD_ROM|Mixed Platforms.ActiveCfg = CD_ROM
		{DAD5A5E1-3FC3-4E53-8A87-A6690D96B1E1}.CD_ROM|Mixed Platforms.Build.0 = CD_ROM
		{DAD5A5E1-3FC3-4E53-8A87-A6690D96B1E1}.CD_ROM|x86.ActiveCfg = CD_ROM
		{DAD5A5E1-3FC3-4E53-8A87-A6690D96B1E1}.CD_ROM|x86.Build.0 = CD_ROM
		{DAD5A5E1-3FC3-4E53-8A87-A6690D96B1E1}.Debug|Any CPU.ActiveCfg = DVD-5
		{DAD5A5E1-3FC3-4E53-8A87-A6690D96B1E1}.Debug|Any CPU.Build.0 = DVD-5
		{DAD5A5E1-3FC3-4E53-8A87-A6690D96B1E1}.Debug|Mixed Platforms.ActiveCfg = DVD-5
		{DAD5A5E1-3FC3-4E53-8A87-A6690D96B1E1}.Debug|Mixed Platforms.Build.0 = DVD-5
		{DAD5A5E1-3FC3-4E53-8A87-A6690D96B1E1}.Debug|x86.ActiveCfg = DVD-5
		{DAD5A5E1-3FC3-4E53-8A87-A6690D96B1E1}.Debug|x86.Build.0 = DVD-5
		{DAD5A5E1-3FC3-4E53-8A87-A6690D96B1E1}.DVD-5|Any CPU.ActiveCfg = DVD-5
		{DAD5A5E1-3FC3-4E53-8A87-A6690D96B1E1}.DVD-5|Any CPU.Build.0 = DVD-5
		{DAD5A5E1-3FC3-4E53-8A87-A6690D96B1E1}.DVD-5|Mixed Platforms.ActiveCfg = DVD-5
		{DAD5A5E1-3FC3-4E53-8A87-A6690D96B1E1}.DVD-5|Mixed Platforms.Build.0 = DVD-5
		{DAD5A5E1-3FC3-4E53-8A87-A6690D96B1E1}.DVD-5|x86.ActiveCfg = DVD-5
		{DAD5A5E1-3FC3-4E53-8A87-A6690D96B1E1}.DVD-5|x86.Build.0 = DVD-5
		{DAD5A5E1-3FC3-4E53-8A87-A6690D96B1E1}.Release|Any CPU.ActiveCfg = SingleImage
		{DAD5A5E1-3FC3-4E53-8A87-A6690D96B1E1}.Release|Any CPU.Build.0 = SingleImage
		{DAD5A5E1-3FC3-4E53-8A87-A6690D96B1E1}.Release|Mixed Platforms.ActiveCfg = SingleImage
		{DAD5A5E1-3FC3-4E53-8A87-A6690D96B1E1}.Release|Mixed Platforms.Build.0 = SingleImage
		{DAD5A5E1-3FC3-4E53-8A87-A6690D96B1E1}.Release|x86.ActiveCfg = SingleImage
		{DAD5A5E1-3FC3-4E53-8A87-A6690D96B1E1}.Release|x86.Build.0 = SingleImage
		{DAD5A5E1-3FC3-4E53-8A87-A6690D96B1E1}.SingleImage|Any CPU.ActiveCfg = SingleImage
		{DAD5A5E1-3FC3-4E53-8A87-A6690D96B1E1}.SingleImage|Any CPU.Build.0 = SingleImage
		{DAD5A5E1-3FC3-4E53-8A87-A6690D96B1E1}.SingleImage|Mixed Platforms.ActiveCfg = SingleImage
		{DAD5A5E1-3FC3-4E53-8A87-A6690D96B1E1}.SingleImage|Mixed Platforms.Build.0 = SingleImage
		{DAD5A5E1-3FC3-4E53-8A87-A6690D96B1E1}.SingleImage|x86.ActiveCfg = SingleImage
		{DAD5A5E1-3FC3-4E53-8A87-A6690D96B1E1}.SingleImage|x86.Build.0 = SingleImage
	EndGlobalSection
	GlobalSection(SolutionProperties) = preSolution
		HideSolutionNode = FALSE
	EndGlobalSection
EndGlobal
