
Microsoft Visual Studio Solution File, Format Version 12.00
# Visual Studio Version 16
VisualStudioVersion = 16.0.29001.49
MinimumVisualStudioVersion = 10.0.40219.1
Project("{FAE04EC0-301F-11D3-BF4B-00C04F79EFBC}") = "NilsenRaceFormulaReports", "RacesCSVToExcel_1_0\NilsenRaceFormulaReports.csproj", "{A3DC37F3-FACE-4C33-8E9A-4C11EFE2211A}"
EndProject
Project("{FAE04EC0-301F-11D3-BF4B-00C04F79EFBC}") = "Nilsen.Framework", "NilsenFramework\Nilsen.Framework.csproj", "{9DE4B9AB-302D-4DF6-8218-6362A77E9E55}"
EndProject
Project("{FAE04EC0-301F-11D3-BF4B-00C04F79EFBC}") = "Nilsen.Framework.Factory", "Nilsen.Framework.Factory\Nilsen.Framework.Factory.csproj", "{EE54B4D4-7D5C-4013-97F4-E6AA5882227C}"
EndProject
Project("{FAE04EC0-301F-11D3-BF4B-00C04F79EFBC}") = "Nilsen.Framework.Data.Repository", "Nilsen.Framework.Repository\Nilsen.Framework.Data.Repository.csproj", "{9A9F3ED1-A783-410C-8887-50F8D27F14CB}"
EndProject
Project("{FAE04EC0-301F-11D3-BF4B-00C04F79EFBC}") = "Nilsen.Framework.Services", "Nilsen.Framework.Services\Nilsen.Framework.Services.csproj", "{CA18762C-8556-446B-97DA-97CA8CEB1A28}"
EndProject
Project("{FAE04EC0-301F-11D3-BF4B-00C04F79EFBC}") = "Nilsen.Framework.Data.Factory", "Nilsen.Framework.Data.Factory\Nilsen.Framework.Data.Factory.csproj", "{038705CE-E9F2-43E7-8CD4-F924DB09A34F}"
EndProject
Project("{54435603-DBB4-11D2-8724-00A0C9A8B90C}") = "NilsenRaceFormulaReports_Setup", "NilsenRaceFormulaReports_Setup\NilsenRaceFormulaReports_Setup.vdproj", "{C257B7E7-F807-4575-80F7-D62B7BED6ACD}"
EndProject
Global
	GlobalSection(SolutionConfigurationPlatforms) = preSolution
		CD_ROM|Any CPU = CD_ROM|Any CPU
		CD_ROM|Mixed Platforms = CD_ROM|Mixed Platforms
		CD_ROM|x86 = CD_ROM|x86
		Debug|Any CPU = Debug|Any CPU
		Debug|Mixed Platforms = Debug|Mixed Platforms
		Debug|x86 = Debug|x86
		DVD-5|Any CPU = DVD-5|Any CPU
		DVD-5|Mixed Platforms = DVD-5|Mixed Platforms
		DVD-5|x86 = DVD-5|x86
		Release|Any CPU = Release|Any CPU
		Release|Mixed Platforms = Release|Mixed Platforms
		Release|x86 = Release|x86
		SingleImage|Any CPU = SingleImage|Any CPU
		SingleImage|Mixed Platforms = SingleImage|Mixed Platforms
		SingleImage|x86 = SingleImage|x86
	EndGlobalSection
	GlobalSection(ProjectConfigurationPlatforms) = postSolution
		{A3DC37F3-FACE-4C33-8E9A-4C11EFE2211A}.CD_ROM|Any CPU.ActiveCfg = Debug|x86
		{A3DC37F3-FACE-4C33-8E9A-4C11EFE2211A}.CD_ROM|Mixed Platforms.ActiveCfg = Debug|x86
		{A3DC37F3-FACE-4C33-8E9A-4C11EFE2211A}.CD_ROM|Mixed Platforms.Build.0 = Debug|x86
		{A3DC37F3-FACE-4C33-8E9A-4C11EFE2211A}.CD_ROM|x86.ActiveCfg = Release|x86
		{A3DC37F3-FACE-4C33-8E9A-4C11EFE2211A}.CD_ROM|x86.Build.0 = Release|x86
		{A3DC37F3-FACE-4C33-8E9A-4C11EFE2211A}.Debug|Any CPU.ActiveCfg = Debug|x86
		{A3DC37F3-FACE-4C33-8E9A-4C11EFE2211A}.Debug|Any CPU.Build.0 = Debug|x86
		{A3DC37F3-FACE-4C33-8E9A-4C11EFE2211A}.Debug|Mixed Platforms.ActiveCfg = Debug|x86
		{A3DC37F3-FACE-4C33-8E9A-4C11EFE2211A}.Debug|Mixed Platforms.Build.0 = Debug|x86
		{A3DC37F3-FACE-4C33-8E9A-4C11EFE2211A}.Debug|x86.ActiveCfg = Debug|x86
		{A3DC37F3-FACE-4C33-8E9A-4C11EFE2211A}.Debug|x86.Build.0 = Debug|x86
		{A3DC37F3-FACE-4C33-8E9A-4C11EFE2211A}.DVD-5|Any CPU.ActiveCfg = Debug|x86
		{A3DC37F3-FACE-4C33-8E9A-4C11EFE2211A}.DVD-5|Mixed Platforms.ActiveCfg = Debug|x86
		{A3DC37F3-FACE-4C33-8E9A-4C11EFE2211A}.DVD-5|Mixed Platforms.Build.0 = Debug|x86
		{A3DC37F3-FACE-4C33-8E9A-4C11EFE2211A}.DVD-5|x86.ActiveCfg = Debug|x86
		{A3DC37F3-FACE-4C33-8E9A-4C11EFE2211A}.DVD-5|x86.Build.0 = Debug|x86
		{A3DC37F3-FACE-4C33-8E9A-4C11EFE2211A}.Release|Any CPU.ActiveCfg = Release|x86
		{A3DC37F3-FACE-4C33-8E9A-4C11EFE2211A}.Release|Any CPU.Build.0 = Release|x86
		{A3DC37F3-FACE-4C33-8E9A-4C11EFE2211A}.Release|Mixed Platforms.ActiveCfg = Release|x86
		{A3DC37F3-FACE-4C33-8E9A-4C11EFE2211A}.Release|Mixed Platforms.Build.0 = Release|x86
		{A3DC37F3-FACE-4C33-8E9A-4C11EFE2211A}.Release|x86.ActiveCfg = Release|x86
		{A3DC37F3-FACE-4C33-8E9A-4C11EFE2211A}.Release|x86.Build.0 = Release|x86
		{A3DC37F3-FACE-4C33-8E9A-4C11EFE2211A}.SingleImage|Any CPU.ActiveCfg = Debug|x86
		{A3DC37F3-FACE-4C33-8E9A-4C11EFE2211A}.SingleImage|Mixed Platforms.ActiveCfg = Debug|x86
		{A3DC37F3-FACE-4C33-8E9A-4C11EFE2211A}.SingleImage|Mixed Platforms.Build.0 = Debug|x86
		{A3DC37F3-FACE-4C33-8E9A-4C11EFE2211A}.SingleImage|x86.ActiveCfg = Release|x86
		{A3DC37F3-FACE-4C33-8E9A-4C11EFE2211A}.SingleImage|x86.Build.0 = Release|x86
		{9DE4B9AB-302D-4DF6-8218-6362A77E9E55}.CD_ROM|Any CPU.ActiveCfg = Release|Any CPU
		{9DE4B9AB-302D-4DF6-8218-6362A77E9E55}.CD_ROM|Any CPU.Build.0 = Release|Any CPU
		{9DE4B9AB-302D-4DF6-8218-6362A77E9E55}.CD_ROM|Mixed Platforms.ActiveCfg = Release|Any CPU
		{9DE4B9AB-302D-4DF6-8218-6362A77E9E55}.CD_ROM|Mixed Platforms.Build.0 = Release|Any CPU
		{9DE4B9AB-302D-4DF6-8218-6362A77E9E55}.CD_ROM|x86.ActiveCfg = Release|Any CPU
		{9DE4B9AB-302D-4DF6-8218-6362A77E9E55}.Debug|Any CPU.ActiveCfg = Debug|Any CPU
		{9DE4B9AB-302D-4DF6-8218-6362A77E9E55}.Debug|Any CPU.Build.0 = Debug|Any CPU
		{9DE4B9AB-302D-4DF6-8218-6362A77E9E55}.Debug|Mixed Platforms.ActiveCfg = Debug|Any CPU
		{9DE4B9AB-302D-4DF6-8218-6362A77E9E55}.Debug|Mixed Platforms.Build.0 = Debug|Any CPU
		{9DE4B9AB-302D-4DF6-8218-6362A77E9E55}.Debug|x86.ActiveCfg = Debug|Any CPU
		{9DE4B9AB-302D-4DF6-8218-6362A77E9E55}.DVD-5|Any CPU.ActiveCfg = Debug|Any CPU
		{9DE4B9AB-302D-4DF6-8218-6362A77E9E55}.DVD-5|Any CPU.Build.0 = Debug|Any CPU
		{9DE4B9AB-302D-4DF6-8218-6362A77E9E55}.DVD-5|Mixed Platforms.ActiveCfg = Debug|Any CPU
		{9DE4B9AB-302D-4DF6-8218-6362A77E9E55}.DVD-5|Mixed Platforms.Build.0 = Debug|Any CPU
		{9DE4B9AB-302D-4DF6-8218-6362A77E9E55}.DVD-5|x86.ActiveCfg = Debug|Any CPU
		{9DE4B9AB-302D-4DF6-8218-6362A77E9E55}.Release|Any CPU.ActiveCfg = Release|Any CPU
		{9DE4B9AB-302D-4DF6-8218-6362A77E9E55}.Release|Any CPU.Build.0 = Release|Any CPU
		{9DE4B9AB-302D-4DF6-8218-6362A77E9E55}.Release|Mixed Platforms.ActiveCfg = Release|Any CPU
		{9DE4B9AB-302D-4DF6-8218-6362A77E9E55}.Release|Mixed Platforms.Build.0 = Release|Any CPU
		{9DE4B9AB-302D-4DF6-8218-6362A77E9E55}.Release|x86.ActiveCfg = Release|Any CPU
		{9DE4B9AB-302D-4DF6-8218-6362A77E9E55}.SingleImage|Any CPU.ActiveCfg = Release|Any CPU
		{9DE4B9AB-302D-4DF6-8218-6362A77E9E55}.SingleImage|Any CPU.Build.0 = Release|Any CPU
		{9DE4B9AB-302D-4DF6-8218-6362A77E9E55}.SingleImage|Mixed Platforms.ActiveCfg = Release|Any CPU
		{9DE4B9AB-302D-4DF6-8218-6362A77E9E55}.SingleImage|Mixed Platforms.Build.0 = Release|Any CPU
		{9DE4B9AB-302D-4DF6-8218-6362A77E9E55}.SingleImage|x86.ActiveCfg = Release|Any CPU
		{EE54B4D4-7D5C-4013-97F4-E6AA5882227C}.CD_ROM|Any CPU.ActiveCfg = Release|Any CPU
		{EE54B4D4-7D5C-4013-97F4-E6AA5882227C}.CD_ROM|Any CPU.Build.0 = Release|Any CPU
		{EE54B4D4-7D5C-4013-97F4-E6AA5882227C}.CD_ROM|Mixed Platforms.ActiveCfg = Release|Any CPU
		{EE54B4D4-7D5C-4013-97F4-E6AA5882227C}.CD_ROM|Mixed Platforms.Build.0 = Release|Any CPU
		{EE54B4D4-7D5C-4013-97F4-E6AA5882227C}.CD_ROM|x86.ActiveCfg = Release|Any CPU
		{EE54B4D4-7D5C-4013-97F4-E6AA5882227C}.Debug|Any CPU.ActiveCfg = Debug|Any CPU
		{EE54B4D4-7D5C-4013-97F4-E6AA5882227C}.Debug|Any CPU.Build.0 = Debug|Any CPU
		{EE54B4D4-7D5C-4013-97F4-E6AA5882227C}.Debug|Mixed Platforms.ActiveCfg = Debug|Any CPU
		{EE54B4D4-7D5C-4013-97F4-E6AA5882227C}.Debug|Mixed Platforms.Build.0 = Debug|Any CPU
		{EE54B4D4-7D5C-4013-97F4-E6AA5882227C}.Debug|x86.ActiveCfg = Debug|Any CPU
		{EE54B4D4-7D5C-4013-97F4-E6AA5882227C}.DVD-5|Any CPU.ActiveCfg = Debug|Any CPU
		{EE54B4D4-7D5C-4013-97F4-E6AA5882227C}.DVD-5|Any CPU.Build.0 = Debug|Any CPU
		{EE54B4D4-7D5C-4013-97F4-E6AA5882227C}.DVD-5|Mixed Platforms.ActiveCfg = Debug|Any CPU
		{EE54B4D4-7D5C-4013-97F4-E6AA5882227C}.DVD-5|Mixed Platforms.Build.0 = Debug|Any CPU
		{EE54B4D4-7D5C-4013-97F4-E6AA5882227C}.DVD-5|x86.ActiveCfg = Debug|Any CPU
		{EE54B4D4-7D5C-4013-97F4-E6AA5882227C}.Release|Any CPU.ActiveCfg = Release|Any CPU
		{EE54B4D4-7D5C-4013-97F4-E6AA5882227C}.Release|Any CPU.Build.0 = Release|Any CPU
		{EE54B4D4-7D5C-4013-97F4-E6AA5882227C}.Release|Mixed Platforms.ActiveCfg = Release|Any CPU
		{EE54B4D4-7D5C-4013-97F4-E6AA5882227C}.Release|Mixed Platforms.Build.0 = Release|Any CPU
		{EE54B4D4-7D5C-4013-97F4-E6AA5882227C}.Release|x86.ActiveCfg = Release|Any CPU
		{EE54B4D4-7D5C-4013-97F4-E6AA5882227C}.SingleImage|Any CPU.ActiveCfg = Release|Any CPU
		{EE54B4D4-7D5C-4013-97F4-E6AA5882227C}.SingleImage|Any CPU.Build.0 = Release|Any CPU
		{EE54B4D4-7D5C-4013-97F4-E6AA5882227C}.SingleImage|Mixed Platforms.ActiveCfg = Release|Any CPU
		{EE54B4D4-7D5C-4013-97F4-E6AA5882227C}.SingleImage|Mixed Platforms.Build.0 = Release|Any CPU
		{EE54B4D4-7D5C-4013-97F4-E6AA5882227C}.SingleImage|x86.ActiveCfg = Release|Any CPU
		{9A9F3ED1-A783-410C-8887-50F8D27F14CB}.CD_ROM|Any CPU.ActiveCfg = Release|Any CPU
		{9A9F3ED1-A783-410C-8887-50F8D27F14CB}.CD_ROM|Any CPU.Build.0 = Release|Any CPU
		{9A9F3ED1-A783-410C-8887-50F8D27F14CB}.CD_ROM|Mixed Platforms.ActiveCfg = Release|Any CPU
		{9A9F3ED1-A783-410C-8887-50F8D27F14CB}.CD_ROM|Mixed Platforms.Build.0 = Release|Any CPU
		{9A9F3ED1-A783-410C-8887-50F8D27F14CB}.CD_ROM|x86.ActiveCfg = Release|Any CPU
		{9A9F3ED1-A783-410C-8887-50F8D27F14CB}.Debug|Any CPU.ActiveCfg = Debug|Any CPU
		{9A9F3ED1-A783-410C-8887-50F8D27F14CB}.Debug|Any CPU.Build.0 = Debug|Any CPU
		{9A9F3ED1-A783-410C-8887-50F8D27F14CB}.Debug|Mixed Platforms.ActiveCfg = Debug|Any CPU
		{9A9F3ED1-A783-410C-8887-50F8D27F14CB}.Debug|Mixed Platforms.Build.0 = Debug|Any CPU
		{9A9F3ED1-A783-410C-8887-50F8D27F14CB}.Debug|x86.ActiveCfg = Debug|Any CPU
		{9A9F3ED1-A783-410C-8887-50F8D27F14CB}.DVD-5|Any CPU.ActiveCfg = Debug|Any CPU
		{9A9F3ED1-A783-410C-8887-50F8D27F14CB}.DVD-5|Any CPU.Build.0 = Debug|Any CPU
		{9A9F3ED1-A783-410C-8887-50F8D27F14CB}.DVD-5|Mixed Platforms.ActiveCfg = Debug|Any CPU
		{9A9F3ED1-A783-410C-8887-50F8D27F14CB}.DVD-5|Mixed Platforms.Build.0 = Debug|Any CPU
		{9A9F3ED1-A783-410C-8887-50F8D27F14CB}.DVD-5|x86.ActiveCfg = Debug|Any CPU
		{9A9F3ED1-A783-410C-8887-50F8D27F14CB}.Release|Any CPU.ActiveCfg = Release|Any CPU
		{9A9F3ED1-A783-410C-8887-50F8D27F14CB}.Release|Any CPU.Build.0 = Release|Any CPU
		{9A9F3ED1-A783-410C-8887-50F8D27F14CB}.Release|Mixed Platforms.ActiveCfg = Release|Any CPU
		{9A9F3ED1-A783-410C-8887-50F8D27F14CB}.Release|Mixed Platforms.Build.0 = Release|Any CPU
		{9A9F3ED1-A783-410C-8887-50F8D27F14CB}.Release|x86.ActiveCfg = Release|Any CPU
		{9A9F3ED1-A783-410C-8887-50F8D27F14CB}.SingleImage|Any CPU.ActiveCfg = Release|Any CPU
		{9A9F3ED1-A783-410C-8887-50F8D27F14CB}.SingleImage|Any CPU.Build.0 = Release|Any CPU
		{9A9F3ED1-A783-410C-8887-50F8D27F14CB}.SingleImage|Mixed Platforms.ActiveCfg = Release|Any CPU
		{9A9F3ED1-A783-410C-8887-50F8D27F14CB}.SingleImage|Mixed Platforms.Build.0 = Release|Any CPU
		{9A9F3ED1-A783-410C-8887-50F8D27F14CB}.SingleImage|x86.ActiveCfg = Release|Any CPU
		{CA18762C-8556-446B-97DA-97CA8CEB1A28}.CD_ROM|Any CPU.ActiveCfg = Release|Any CPU
		{CA18762C-8556-446B-97DA-97CA8CEB1A28}.CD_ROM|Any CPU.Build.0 = Release|Any CPU
		{CA18762C-8556-446B-97DA-97CA8CEB1A28}.CD_ROM|Mixed Platforms.ActiveCfg = Release|Any CPU
		{CA18762C-8556-446B-97DA-97CA8CEB1A28}.CD_ROM|Mixed Platforms.Build.0 = Release|Any CPU
		{CA18762C-8556-446B-97DA-97CA8CEB1A28}.CD_ROM|x86.ActiveCfg = Release|Any CPU
		{CA18762C-8556-446B-97DA-97CA8CEB1A28}.Debug|Any CPU.ActiveCfg = Debug|Any CPU
		{CA18762C-8556-446B-97DA-97CA8CEB1A28}.Debug|Any CPU.Build.0 = Debug|Any CPU
		{CA18762C-8556-446B-97DA-97CA8CEB1A28}.Debug|Mixed Platforms.ActiveCfg = Debug|Any CPU
		{CA18762C-8556-446B-97DA-97CA8CEB1A28}.Debug|Mixed Platforms.Build.0 = Debug|Any CPU
		{CA18762C-8556-446B-97DA-97CA8CEB1A28}.Debug|x86.ActiveCfg = Debug|Any CPU
		{CA18762C-8556-446B-97DA-97CA8CEB1A28}.DVD-5|Any CPU.ActiveCfg = Debug|Any CPU
		{CA18762C-8556-446B-97DA-97CA8CEB1A28}.DVD-5|Any CPU.Build.0 = Debug|Any CPU
		{CA18762C-8556-446B-97DA-97CA8CEB1A28}.DVD-5|Mixed Platforms.ActiveCfg = Debug|Any CPU
		{CA18762C-8556-446B-97DA-97CA8CEB1A28}.DVD-5|Mixed Platforms.Build.0 = Debug|Any CPU
		{CA18762C-8556-446B-97DA-97CA8CEB1A28}.DVD-5|x86.ActiveCfg = Debug|Any CPU
		{CA18762C-8556-446B-97DA-97CA8CEB1A28}.Release|Any CPU.ActiveCfg = Release|Any CPU
		{CA18762C-8556-446B-97DA-97CA8CEB1A28}.Release|Any CPU.Build.0 = Release|Any CPU
		{CA18762C-8556-446B-97DA-97CA8CEB1A28}.Release|Mixed Platforms.ActiveCfg = Release|Any CPU
		{CA18762C-8556-446B-97DA-97CA8CEB1A28}.Release|Mixed Platforms.Build.0 = Release|Any CPU
		{CA18762C-8556-446B-97DA-97CA8CEB1A28}.Release|x86.ActiveCfg = Release|Any CPU
		{CA18762C-8556-446B-97DA-97CA8CEB1A28}.SingleImage|Any CPU.ActiveCfg = Release|Any CPU
		{CA18762C-8556-446B-97DA-97CA8CEB1A28}.SingleImage|Any CPU.Build.0 = Release|Any CPU
		{CA18762C-8556-446B-97DA-97CA8CEB1A28}.SingleImage|Mixed Platforms.ActiveCfg = Release|Any CPU
		{CA18762C-8556-446B-97DA-97CA8CEB1A28}.SingleImage|Mixed Platforms.Build.0 = Release|Any CPU
		{CA18762C-8556-446B-97DA-97CA8CEB1A28}.SingleImage|x86.ActiveCfg = Release|Any CPU
		{038705CE-E9F2-43E7-8CD4-F924DB09A34F}.CD_ROM|Any CPU.ActiveCfg = Release|Any CPU
		{038705CE-E9F2-43E7-8CD4-F924DB09A34F}.CD_ROM|Any CPU.Build.0 = Release|Any CPU
		{038705CE-E9F2-43E7-8CD4-F924DB09A34F}.CD_ROM|Mixed Platforms.ActiveCfg = Release|Any CPU
		{038705CE-E9F2-43E7-8CD4-F924DB09A34F}.CD_ROM|Mixed Platforms.Build.0 = Release|Any CPU
		{038705CE-E9F2-43E7-8CD4-F924DB09A34F}.CD_ROM|x86.ActiveCfg = Release|Any CPU
		{038705CE-E9F2-43E7-8CD4-F924DB09A34F}.Debug|Any CPU.ActiveCfg = Debug|Any CPU
		{038705CE-E9F2-43E7-8CD4-F924DB09A34F}.Debug|Any CPU.Build.0 = Debug|Any CPU
		{038705CE-E9F2-43E7-8CD4-F924DB09A34F}.Debug|Mixed Platforms.ActiveCfg = Debug|Any CPU
		{038705CE-E9F2-43E7-8CD4-F924DB09A34F}.Debug|Mixed Platforms.Build.0 = Debug|Any CPU
		{038705CE-E9F2-43E7-8CD4-F924DB09A34F}.Debug|x86.ActiveCfg = Debug|Any CPU
		{038705CE-E9F2-43E7-8CD4-F924DB09A34F}.DVD-5|Any CPU.ActiveCfg = Debug|Any CPU
		{038705CE-E9F2-43E7-8CD4-F924DB09A34F}.DVD-5|Any CPU.Build.0 = Debug|Any CPU
		{038705CE-E9F2-43E7-8CD4-F924DB09A34F}.DVD-5|Mixed Platforms.ActiveCfg = Debug|Any CPU
		{038705CE-E9F2-43E7-8CD4-F924DB09A34F}.DVD-5|Mixed Platforms.Build.0 = Debug|Any CPU
		{038705CE-E9F2-43E7-8CD4-F924DB09A34F}.DVD-5|x86.ActiveCfg = Debug|Any CPU
		{038705CE-E9F2-43E7-8CD4-F924DB09A34F}.Release|Any CPU.ActiveCfg = Release|Any CPU
		{038705CE-E9F2-43E7-8CD4-F924DB09A34F}.Release|Any CPU.Build.0 = Release|Any CPU
		{038705CE-E9F2-43E7-8CD4-F924DB09A34F}.Release|Mixed Platforms.ActiveCfg = Release|Any CPU
		{038705CE-E9F2-43E7-8CD4-F924DB09A34F}.Release|Mixed Platforms.Build.0 = Release|Any CPU
		{038705CE-E9F2-43E7-8CD4-F924DB09A34F}.Release|x86.ActiveCfg = Release|Any CPU
		{038705CE-E9F2-43E7-8CD4-F924DB09A34F}.SingleImage|Any CPU.ActiveCfg = Release|Any CPU
		{038705CE-E9F2-43E7-8CD4-F924DB09A34F}.SingleImage|Any CPU.Build.0 = Release|Any CPU
		{038705CE-E9F2-43E7-8CD4-F924DB09A34F}.SingleImage|Mixed Platforms.ActiveCfg = Release|Any CPU
		{038705CE-E9F2-43E7-8CD4-F924DB09A34F}.SingleImage|Mixed Platforms.Build.0 = Release|Any CPU
		{038705CE-E9F2-43E7-8CD4-F924DB09A34F}.SingleImage|x86.ActiveCfg = Release|Any CPU
		{C257B7E7-F807-4575-80F7-D62B7BED6ACD}.CD_ROM|Any CPU.ActiveCfg = Release
		{C257B7E7-F807-4575-80F7-D62B7BED6ACD}.CD_ROM|Any CPU.Build.0 = Release
		{C257B7E7-F807-4575-80F7-D62B7BED6ACD}.CD_ROM|Mixed Platforms.ActiveCfg = Release
		{C257B7E7-F807-4575-80F7-D62B7BED6ACD}.CD_ROM|Mixed Platforms.Build.0 = Release
		{C257B7E7-F807-4575-80F7-D62B7BED6ACD}.CD_ROM|x86.ActiveCfg = Release
		{C257B7E7-F807-4575-80F7-D62B7BED6ACD}.CD_ROM|x86.Build.0 = Release
		{C257B7E7-F807-4575-80F7-D62B7BED6ACD}.Debug|Any CPU.ActiveCfg = Debug
		{C257B7E7-F807-4575-80F7-D62B7BED6ACD}.Debug|Any CPU.Build.0 = Debug
		{C257B7E7-F807-4575-80F7-D62B7BED6ACD}.Debug|Mixed Platforms.ActiveCfg = Debug
		{C257B7E7-F807-4575-80F7-D62B7BED6ACD}.Debug|Mixed Platforms.Build.0 = Debug
		{C257B7E7-F807-4575-80F7-D62B7BED6ACD}.Debug|x86.ActiveCfg = Debug
		{C257B7E7-F807-4575-80F7-D62B7BED6ACD}.Debug|x86.Build.0 = Debug
		{C257B7E7-F807-4575-80F7-D62B7BED6ACD}.DVD-5|Any CPU.ActiveCfg = Debug
		{C257B7E7-F807-4575-80F7-D62B7BED6ACD}.DVD-5|Any CPU.Build.0 = Debug
		{C257B7E7-F807-4575-80F7-D62B7BED6ACD}.DVD-5|Mixed Platforms.ActiveCfg = Debug
		{C257B7E7-F807-4575-80F7-D62B7BED6ACD}.DVD-5|Mixed Platforms.Build.0 = Debug
		{C257B7E7-F807-4575-80F7-D62B7BED6ACD}.DVD-5|x86.ActiveCfg = Debug
		{C257B7E7-F807-4575-80F7-D62B7BED6ACD}.DVD-5|x86.Build.0 = Debug
		{C257B7E7-F807-4575-80F7-D62B7BED6ACD}.Release|Any CPU.ActiveCfg = Release
		{C257B7E7-F807-4575-80F7-D62B7BED6ACD}.Release|Any CPU.Build.0 = Release
		{C257B7E7-F807-4575-80F7-D62B7BED6ACD}.Release|Mixed Platforms.ActiveCfg = Release
		{C257B7E7-F807-4575-80F7-D62B7BED6ACD}.Release|Mixed Platforms.Build.0 = Release
		{C257B7E7-F807-4575-80F7-D62B7BED6ACD}.Release|x86.ActiveCfg = Release
		{C257B7E7-F807-4575-80F7-D62B7BED6ACD}.Release|x86.Build.0 = Release
		{C257B7E7-F807-4575-80F7-D62B7BED6ACD}.SingleImage|Any CPU.ActiveCfg = Release
		{C257B7E7-F807-4575-80F7-D62B7BED6ACD}.SingleImage|Any CPU.Build.0 = Release
		{C257B7E7-F807-4575-80F7-D62B7BED6ACD}.SingleImage|Mixed Platforms.ActiveCfg = Release
		{C257B7E7-F807-4575-80F7-D62B7BED6ACD}.SingleImage|Mixed Platforms.Build.0 = Release
		{C257B7E7-F807-4575-80F7-D62B7BED6ACD}.SingleImage|x86.ActiveCfg = Release
		{C257B7E7-F807-4575-80F7-D62B7BED6ACD}.SingleImage|x86.Build.0 = Release
	EndGlobalSection
	GlobalSection(SolutionProperties) = preSolution
		HideSolutionNode = FALSE
	EndGlobalSection
	GlobalSection(ExtensibilityGlobals) = postSolution
		SolutionGuid = {1D5BC978-2273-40DC-AA14-DEB4DAB6B169}
	EndGlobalSection
EndGlobal
